
Microsoft Visual Studio Solution File, Format Version 12.00
# Visual Studio Version 17
VisualStudioVersion = 17.11.35222.181
MinimumVisualStudioVersion = 10.0.40219.1
Project("{FAE04EC0-301F-11D3-BF4B-00C04F79EFBC}") = "Task4", "Task4\Task4.csproj", "{A764B343-06EE-4BFC-B3B9-27A7CAD8EF62}"
EndProject
Global
	GlobalSection(SolutionConfigurationPlatforms) = preSolution
		Debug|Any CPU = Debug|Any CPU
		Release|Any CPU = Release|Any CPU
	EndGlobalSection
	GlobalSection(ProjectConfigurationPlatforms) = postSolution
		{A764B343-06EE-4BFC-B3B9-27A7CAD8EF62}.Debug|Any CPU.ActiveCfg = Debug|Any CPU
		{A764B343-06EE-4BFC-B3B9-27A7CAD8EF62}.Debug|Any CPU.Build.0 = Debug|Any CPU
		{A764B343-06EE-4BFC-B3B9-27A7CAD8EF62}.Release|Any CPU.ActiveCfg = Release|Any CPU
		{A764B343-06EE-4BFC-B3B9-27A7CAD8EF62}.Release|Any CPU.Build.0 = Release|Any CPU
	EndGlobalSection
	GlobalSection(SolutionProperties) = preSolution
		HideSolutionNode = FALSE
	EndGlobalSection
	GlobalSection(ExtensibilityGlobals) = postSolution
		SolutionGuid = {2D07D92F-62D6-473A-A19D-66DEEE486077}
	EndGlobalSection
EndGlobal
